// !$*UTF8*$!
{
	archiveVersion = 1;
	classes = {
	};
	objectVersion = 56;
	objects = {

/* Begin PBXBuildFile section */
		845A864C2AA21C4700E97933 /* RswiftLibrary in Frameworks */ = {isa = PBXBuildFile; productRef = 845A864B2AA21C4700E97933 /* RswiftLibrary */; };
		845A86512AA21EDB00E97933 /* BackgroundImageView.swift in Sources */ = {isa = PBXBuildFile; fileRef = 845A86502AA21EDB00E97933 /* BackgroundImageView.swift */; };
		845A86532AA2305F00E97933 /* HeaderLable.swift in Sources */ = {isa = PBXBuildFile; fileRef = 845A86522AA2305F00E97933 /* HeaderLable.swift */; };
		845A86582AA23C3E00E97933 /* Inter-VariableFont_slnt,wght.ttf in Resources */ = {isa = PBXBuildFile; fileRef = 845A86572AA23C3E00E97933 /* Inter-VariableFont_slnt,wght.ttf */; };
		845A865A2AA23EBE00E97933 /* .gitignore in Resources */ = {isa = PBXBuildFile; fileRef = 845A86592AA23EBE00E97933 /* .gitignore */; };
		845A865D2AA2415500E97933 /* UILable + ext.swift in Sources */ = {isa = PBXBuildFile; fileRef = 845A865C2AA2415500E97933 /* UILable + ext.swift */; };
		845A865F2AA4F3BB00E97933 /* SubHeaderLable.swift in Sources */ = {isa = PBXBuildFile; fileRef = 845A865E2AA4F3BB00E97933 /* SubHeaderLable.swift */; };
		845A86622AA4FBA300E97933 /* GenericActionButton.swift in Sources */ = {isa = PBXBuildFile; fileRef = 845A86612AA4FBA300E97933 /* GenericActionButton.swift */; };
		845A86652AA5EE3300E97933 /* ExploreViewController.swift in Sources */ = {isa = PBXBuildFile; fileRef = 845A86642AA5EE3300E97933 /* ExploreViewController.swift */; };
		845A86682AA5F9FF00E97933 /* KeyChainManager.swift in Sources */ = {isa = PBXBuildFile; fileRef = 845A86672AA5F9FF00E97933 /* KeyChainManager.swift */; };
		845A866B2AA62F6800E97933 /* Constants.swift in Sources */ = {isa = PBXBuildFile; fileRef = 845A866A2AA62F6800E97933 /* Constants.swift */; };
		845A866D2AA6303000E97933 /* AuthenticationSession.swift in Sources */ = {isa = PBXBuildFile; fileRef = 845A866C2AA6302F00E97933 /* AuthenticationSession.swift */; };
		845A866F2AA9D4D900E97933 /* ExploreProtocols.swift in Sources */ = {isa = PBXBuildFile; fileRef = 845A866E2AA9D4D900E97933 /* ExploreProtocols.swift */; };
		845A86712AAA110800E97933 /* ExploreConfigurator.swift in Sources */ = {isa = PBXBuildFile; fileRef = 845A86702AAA110800E97933 /* ExploreConfigurator.swift */; };
		845A86732AAA139100E97933 /* ExplorePresenter.swift in Sources */ = {isa = PBXBuildFile; fileRef = 845A86722AAA139100E97933 /* ExplorePresenter.swift */; };
		845A86752AAF587600E97933 /* AppAssembly.swift in Sources */ = {isa = PBXBuildFile; fileRef = 845A86742AAF587600E97933 /* AppAssembly.swift */; };
		845A86772AAF5A2400E97933 /* UIViewController + ext.swift in Sources */ = {isa = PBXBuildFile; fileRef = 845A86762AAF5A2400E97933 /* UIViewController + ext.swift */; };
		845A86792AAF846D00E97933 /* Networking.swift in Sources */ = {isa = PBXBuildFile; fileRef = 845A86782AAF846D00E97933 /* Networking.swift */; };
		845A867D2AB4519700E97933 /* UnsplashModels.swift in Sources */ = {isa = PBXBuildFile; fileRef = 845A867C2AB4519700E97933 /* UnsplashModels.swift */; };
		845A86802AB4AE8200E97933 /* ExploreRouter.swift in Sources */ = {isa = PBXBuildFile; fileRef = 845A867F2AB4AE8200E97933 /* ExploreRouter.swift */; };
		845A86822AB4AEA900E97933 /* ExploreInteractor.swift in Sources */ = {isa = PBXBuildFile; fileRef = 845A86812AB4AEA900E97933 /* ExploreInteractor.swift */; };
		8470ABDF2AE6BEE700E09183 /* InfoView.swift in Sources */ = {isa = PBXBuildFile; fileRef = 8470ABDE2AE6BEE700E09183 /* InfoView.swift */; };
		84A1D3652ACD9B4F00A66327 /* APPModels.swift in Sources */ = {isa = PBXBuildFile; fileRef = 84A1D3642ACD9B4F00A66327 /* APPModels.swift */; };
		84A1D3672ACF0D9100A66327 /* CarouselCell.swift in Sources */ = {isa = PBXBuildFile; fileRef = 84A1D3662ACF0D9100A66327 /* CarouselCell.swift */; };
		84A1D3692ACF0E5D00A66327 /* CollectionCell.swift in Sources */ = {isa = PBXBuildFile; fileRef = 84A1D3682ACF0E5D00A66327 /* CollectionCell.swift */; };
		84A1D36B2AD4368900A66327 /* NewTableCell.swift in Sources */ = {isa = PBXBuildFile; fileRef = 84A1D36A2AD4368900A66327 /* NewTableCell.swift */; };
		84A1D36D2AD4498F00A66327 /* UIImage + ext.swift in Sources */ = {isa = PBXBuildFile; fileRef = 84A1D36C2AD4498F00A66327 /* UIImage + ext.swift */; };
		84D200112AF39E2100516873 /* SpinnerViewController.swift in Sources */ = {isa = PBXBuildFile; fileRef = 84D200102AF39E2100516873 /* SpinnerViewController.swift */; };
		84D200152AFA4C1400516873 /* UnsplashDomain.swift in Sources */ = {isa = PBXBuildFile; fileRef = 84D200142AFA4C1400516873 /* UnsplashDomain.swift */; };
		84D200172AFA578E00516873 /* Errors.swift in Sources */ = {isa = PBXBuildFile; fileRef = 84D200162AFA578E00516873 /* Errors.swift */; };
		84D200192AFA5B9200516873 /* AppRouter.swift in Sources */ = {isa = PBXBuildFile; fileRef = 84D200182AFA5B9200516873 /* AppRouter.swift */; };
		84D2001B2AFA870400516873 /* UIImageView + ext.swift in Sources */ = {isa = PBXBuildFile; fileRef = 84D2001A2AFA870400516873 /* UIImageView + ext.swift */; };
		84D2001D2AFCE99900516873 /* UIWindow + ext.swift in Sources */ = {isa = PBXBuildFile; fileRef = 84D2001C2AFCE99900516873 /* UIWindow + ext.swift */; };
		84D2FFC32AE7C1EF00516873 /* BSTransitioningDelegate.swift in Sources */ = {isa = PBXBuildFile; fileRef = 84D2FFC22AE7C1EF00516873 /* BSTransitioningDelegate.swift */; };
		84D2FFC52AE7C2F900516873 /* BSPresentationController.swift in Sources */ = {isa = PBXBuildFile; fileRef = 84D2FFC42AE7C2F900516873 /* BSPresentationController.swift */; };
		84D2FFCB2AE92DAB00516873 /* BSTransition.swift in Sources */ = {isa = PBXBuildFile; fileRef = 84D2FFCA2AE92DAB00516873 /* BSTransition.swift */; };
		84D2FFCD2AE936AC00516873 /* UIView + ext.swift in Sources */ = {isa = PBXBuildFile; fileRef = 84D2FFCC2AE936AC00516873 /* UIView + ext.swift */; };
		84D2FFD02AEC01B100516873 /* ExifConfigurator.swift in Sources */ = {isa = PBXBuildFile; fileRef = 84D2FFCF2AEC01B100516873 /* ExifConfigurator.swift */; };
		84D2FFD22AEC01C300516873 /* ExifProtocols.swift in Sources */ = {isa = PBXBuildFile; fileRef = 84D2FFD12AEC01C300516873 /* ExifProtocols.swift */; };
		84D2FFD42AEC039B00516873 /* ExifPresenter.swift in Sources */ = {isa = PBXBuildFile; fileRef = 84D2FFD32AEC039B00516873 /* ExifPresenter.swift */; };
		84D2FFD62AEC04A700516873 /* ExifRouter.swift in Sources */ = {isa = PBXBuildFile; fileRef = 84D2FFD52AEC04A700516873 /* ExifRouter.swift */; };
		84D2FFD82AEC053500516873 /* ExifViewController.swift in Sources */ = {isa = PBXBuildFile; fileRef = 84D2FFD72AEC053500516873 /* ExifViewController.swift */; };
		84D2FFDA2AEC059400516873 /* ExifInteractor.swift in Sources */ = {isa = PBXBuildFile; fileRef = 84D2FFD92AEC059400516873 /* ExifInteractor.swift */; };
		84D2FFDC2AEC13A000516873 /* UIColor + ext.swift in Sources */ = {isa = PBXBuildFile; fileRef = 84D2FFDB2AEC13A000516873 /* UIColor + ext.swift */; };
		84D90CB82AA10A5D001E9AE3 /* AppDelegate.swift in Sources */ = {isa = PBXBuildFile; fileRef = 84D90CB72AA10A5D001E9AE3 /* AppDelegate.swift */; };
		84D90CBA2AA10A5D001E9AE3 /* SceneDelegate.swift in Sources */ = {isa = PBXBuildFile; fileRef = 84D90CB92AA10A5D001E9AE3 /* SceneDelegate.swift */; };
		84D90CC12AA10A5D001E9AE3 /* Assets.xcassets in Resources */ = {isa = PBXBuildFile; fileRef = 84D90CC02AA10A5D001E9AE3 /* Assets.xcassets */; };
		84D90CCF2AA10A5D001E9AE3 /* UnsplashClientTests.swift in Sources */ = {isa = PBXBuildFile; fileRef = 84D90CCE2AA10A5D001E9AE3 /* UnsplashClientTests.swift */; };
		84D90CD92AA10A5D001E9AE3 /* UnsplashClientUITests.swift in Sources */ = {isa = PBXBuildFile; fileRef = 84D90CD82AA10A5D001E9AE3 /* UnsplashClientUITests.swift */; };
		84D90CDB2AA10A5D001E9AE3 /* UnsplashClientUITestsLaunchTests.swift in Sources */ = {isa = PBXBuildFile; fileRef = 84D90CDA2AA10A5D001E9AE3 /* UnsplashClientUITestsLaunchTests.swift */; };
		84D90CEA2AA1FA20001E9AE3 /* IntroViewController.swift in Sources */ = {isa = PBXBuildFile; fileRef = 84D90CE92AA1FA20001E9AE3 /* IntroViewController.swift */; };
		84D90CEC2AA1FA60001E9AE3 /* IntroProtocols.swift in Sources */ = {isa = PBXBuildFile; fileRef = 84D90CEB2AA1FA60001E9AE3 /* IntroProtocols.swift */; };
		84D90CEE2AA1FA70001E9AE3 /* IntroRouter.swift in Sources */ = {isa = PBXBuildFile; fileRef = 84D90CED2AA1FA70001E9AE3 /* IntroRouter.swift */; };
		84D90CF02AA1FA86001E9AE3 /* IntroPresenter.swift in Sources */ = {isa = PBXBuildFile; fileRef = 84D90CEF2AA1FA86001E9AE3 /* IntroPresenter.swift */; };
		84D90CF22AA1FA9A001E9AE3 /* IntroInteractor.swift in Sources */ = {isa = PBXBuildFile; fileRef = 84D90CF12AA1FA9A001E9AE3 /* IntroInteractor.swift */; };
		84D90CF42AA1FAAC001E9AE3 /* IntroConfigurator.swift in Sources */ = {isa = PBXBuildFile; fileRef = 84D90CF32AA1FAAC001E9AE3 /* IntroConfigurator.swift */; };
/* End PBXBuildFile section */

/* Begin PBXContainerItemProxy section */
		84D90CCB2AA10A5D001E9AE3 /* PBXContainerItemProxy */ = {
			isa = PBXContainerItemProxy;
			containerPortal = 84D90CAC2AA10A5D001E9AE3 /* Project object */;
			proxyType = 1;
			remoteGlobalIDString = 84D90CB32AA10A5D001E9AE3;
			remoteInfo = UnsplashClient;
		};
		84D90CD52AA10A5D001E9AE3 /* PBXContainerItemProxy */ = {
			isa = PBXContainerItemProxy;
			containerPortal = 84D90CAC2AA10A5D001E9AE3 /* Project object */;
			proxyType = 1;
			remoteGlobalIDString = 84D90CB32AA10A5D001E9AE3;
			remoteInfo = UnsplashClient;
		};
/* End PBXContainerItemProxy section */

/* Begin PBXFileReference section */
		845A86502AA21EDB00E97933 /* BackgroundImageView.swift */ = {isa = PBXFileReference; lastKnownFileType = sourcecode.swift; path = BackgroundImageView.swift; sourceTree = "<group>"; };
		845A86522AA2305F00E97933 /* HeaderLable.swift */ = {isa = PBXFileReference; lastKnownFileType = sourcecode.swift; path = HeaderLable.swift; sourceTree = "<group>"; };
		845A86572AA23C3E00E97933 /* Inter-VariableFont_slnt,wght.ttf */ = {isa = PBXFileReference; lastKnownFileType = file; name = "Inter-VariableFont_slnt,wght.ttf"; path = "../../../../../Downloads/Inter/Inter-VariableFont_slnt,wght.ttf"; sourceTree = "<group>"; };
		845A86592AA23EBE00E97933 /* .gitignore */ = {isa = PBXFileReference; lastKnownFileType = text; path = .gitignore; sourceTree = "<group>"; };
		845A865C2AA2415500E97933 /* UILable + ext.swift */ = {isa = PBXFileReference; lastKnownFileType = sourcecode.swift; path = "UILable + ext.swift"; sourceTree = "<group>"; };
		845A865E2AA4F3BB00E97933 /* SubHeaderLable.swift */ = {isa = PBXFileReference; lastKnownFileType = sourcecode.swift; path = SubHeaderLable.swift; sourceTree = "<group>"; };
		845A86612AA4FBA300E97933 /* GenericActionButton.swift */ = {isa = PBXFileReference; lastKnownFileType = sourcecode.swift; path = GenericActionButton.swift; sourceTree = "<group>"; };
		845A86642AA5EE3300E97933 /* ExploreViewController.swift */ = {isa = PBXFileReference; lastKnownFileType = sourcecode.swift; path = ExploreViewController.swift; sourceTree = "<group>"; };
		845A86672AA5F9FF00E97933 /* KeyChainManager.swift */ = {isa = PBXFileReference; lastKnownFileType = sourcecode.swift; path = KeyChainManager.swift; sourceTree = "<group>"; };
		845A866A2AA62F6800E97933 /* Constants.swift */ = {isa = PBXFileReference; lastKnownFileType = sourcecode.swift; path = Constants.swift; sourceTree = "<group>"; };
		845A866C2AA6302F00E97933 /* AuthenticationSession.swift */ = {isa = PBXFileReference; lastKnownFileType = sourcecode.swift; path = AuthenticationSession.swift; sourceTree = "<group>"; };
		845A866E2AA9D4D900E97933 /* ExploreProtocols.swift */ = {isa = PBXFileReference; lastKnownFileType = sourcecode.swift; path = ExploreProtocols.swift; sourceTree = "<group>"; };
		845A86702AAA110800E97933 /* ExploreConfigurator.swift */ = {isa = PBXFileReference; lastKnownFileType = sourcecode.swift; path = ExploreConfigurator.swift; sourceTree = "<group>"; };
		845A86722AAA139100E97933 /* ExplorePresenter.swift */ = {isa = PBXFileReference; lastKnownFileType = sourcecode.swift; path = ExplorePresenter.swift; sourceTree = "<group>"; };
		845A86742AAF587600E97933 /* AppAssembly.swift */ = {isa = PBXFileReference; lastKnownFileType = sourcecode.swift; path = AppAssembly.swift; sourceTree = "<group>"; };
		845A86762AAF5A2400E97933 /* UIViewController + ext.swift */ = {isa = PBXFileReference; lastKnownFileType = sourcecode.swift; path = "UIViewController + ext.swift"; sourceTree = "<group>"; };
		845A86782AAF846D00E97933 /* Networking.swift */ = {isa = PBXFileReference; lastKnownFileType = sourcecode.swift; path = Networking.swift; sourceTree = "<group>"; };
		845A867C2AB4519700E97933 /* UnsplashModels.swift */ = {isa = PBXFileReference; lastKnownFileType = sourcecode.swift; path = UnsplashModels.swift; sourceTree = "<group>"; };
		845A867F2AB4AE8200E97933 /* ExploreRouter.swift */ = {isa = PBXFileReference; lastKnownFileType = sourcecode.swift; path = ExploreRouter.swift; sourceTree = "<group>"; };
		845A86812AB4AEA900E97933 /* ExploreInteractor.swift */ = {isa = PBXFileReference; lastKnownFileType = sourcecode.swift; path = ExploreInteractor.swift; sourceTree = "<group>"; };
		8470ABDE2AE6BEE700E09183 /* InfoView.swift */ = {isa = PBXFileReference; lastKnownFileType = sourcecode.swift; path = InfoView.swift; sourceTree = "<group>"; };
		84A1D3642ACD9B4F00A66327 /* APPModels.swift */ = {isa = PBXFileReference; lastKnownFileType = sourcecode.swift; path = APPModels.swift; sourceTree = "<group>"; };
		84A1D3662ACF0D9100A66327 /* CarouselCell.swift */ = {isa = PBXFileReference; lastKnownFileType = sourcecode.swift; path = CarouselCell.swift; sourceTree = "<group>"; };
		84A1D3682ACF0E5D00A66327 /* CollectionCell.swift */ = {isa = PBXFileReference; lastKnownFileType = sourcecode.swift; path = CollectionCell.swift; sourceTree = "<group>"; };
		84A1D36A2AD4368900A66327 /* NewTableCell.swift */ = {isa = PBXFileReference; lastKnownFileType = sourcecode.swift; path = NewTableCell.swift; sourceTree = "<group>"; };
		84A1D36C2AD4498F00A66327 /* UIImage + ext.swift */ = {isa = PBXFileReference; lastKnownFileType = sourcecode.swift; path = "UIImage + ext.swift"; sourceTree = "<group>"; };
		84D200102AF39E2100516873 /* SpinnerViewController.swift */ = {isa = PBXFileReference; lastKnownFileType = sourcecode.swift; path = SpinnerViewController.swift; sourceTree = "<group>"; };
		84D200142AFA4C1400516873 /* UnsplashDomain.swift */ = {isa = PBXFileReference; lastKnownFileType = sourcecode.swift; path = UnsplashDomain.swift; sourceTree = "<group>"; };
		84D200162AFA578E00516873 /* Errors.swift */ = {isa = PBXFileReference; lastKnownFileType = sourcecode.swift; path = Errors.swift; sourceTree = "<group>"; };
		84D200182AFA5B9200516873 /* AppRouter.swift */ = {isa = PBXFileReference; lastKnownFileType = sourcecode.swift; path = AppRouter.swift; sourceTree = "<group>"; };
		84D2001A2AFA870400516873 /* UIImageView + ext.swift */ = {isa = PBXFileReference; lastKnownFileType = sourcecode.swift; path = "UIImageView + ext.swift"; sourceTree = "<group>"; };
		84D2001C2AFCE99900516873 /* UIWindow + ext.swift */ = {isa = PBXFileReference; lastKnownFileType = sourcecode.swift; path = "UIWindow + ext.swift"; sourceTree = "<group>"; };
		84D2FFC22AE7C1EF00516873 /* BSTransitioningDelegate.swift */ = {isa = PBXFileReference; lastKnownFileType = sourcecode.swift; path = BSTransitioningDelegate.swift; sourceTree = "<group>"; };
		84D2FFC42AE7C2F900516873 /* BSPresentationController.swift */ = {isa = PBXFileReference; lastKnownFileType = sourcecode.swift; path = BSPresentationController.swift; sourceTree = "<group>"; };
		84D2FFCA2AE92DAB00516873 /* BSTransition.swift */ = {isa = PBXFileReference; lastKnownFileType = sourcecode.swift; path = BSTransition.swift; sourceTree = "<group>"; };
		84D2FFCC2AE936AC00516873 /* UIView + ext.swift */ = {isa = PBXFileReference; lastKnownFileType = sourcecode.swift; path = "UIView + ext.swift"; sourceTree = "<group>"; };
		84D2FFCF2AEC01B100516873 /* ExifConfigurator.swift */ = {isa = PBXFileReference; lastKnownFileType = sourcecode.swift; path = ExifConfigurator.swift; sourceTree = "<group>"; };
		84D2FFD12AEC01C300516873 /* ExifProtocols.swift */ = {isa = PBXFileReference; lastKnownFileType = sourcecode.swift; path = ExifProtocols.swift; sourceTree = "<group>"; };
		84D2FFD32AEC039B00516873 /* ExifPresenter.swift */ = {isa = PBXFileReference; lastKnownFileType = sourcecode.swift; path = ExifPresenter.swift; sourceTree = "<group>"; };
		84D2FFD52AEC04A700516873 /* ExifRouter.swift */ = {isa = PBXFileReference; lastKnownFileType = sourcecode.swift; path = ExifRouter.swift; sourceTree = "<group>"; };
		84D2FFD72AEC053500516873 /* ExifViewController.swift */ = {isa = PBXFileReference; lastKnownFileType = sourcecode.swift; path = ExifViewController.swift; sourceTree = "<group>"; };
		84D2FFD92AEC059400516873 /* ExifInteractor.swift */ = {isa = PBXFileReference; lastKnownFileType = sourcecode.swift; path = ExifInteractor.swift; sourceTree = "<group>"; };
		84D2FFDB2AEC13A000516873 /* UIColor + ext.swift */ = {isa = PBXFileReference; lastKnownFileType = sourcecode.swift; path = "UIColor + ext.swift"; sourceTree = "<group>"; };
		84D90CB42AA10A5D001E9AE3 /* UnsplashClient.app */ = {isa = PBXFileReference; explicitFileType = wrapper.application; includeInIndex = 0; path = UnsplashClient.app; sourceTree = BUILT_PRODUCTS_DIR; };
		84D90CB72AA10A5D001E9AE3 /* AppDelegate.swift */ = {isa = PBXFileReference; lastKnownFileType = sourcecode.swift; path = AppDelegate.swift; sourceTree = "<group>"; };
		84D90CB92AA10A5D001E9AE3 /* SceneDelegate.swift */ = {isa = PBXFileReference; lastKnownFileType = sourcecode.swift; path = SceneDelegate.swift; sourceTree = "<group>"; };
		84D90CC02AA10A5D001E9AE3 /* Assets.xcassets */ = {isa = PBXFileReference; lastKnownFileType = folder.assetcatalog; path = Assets.xcassets; sourceTree = "<group>"; };
		84D90CC52AA10A5D001E9AE3 /* Info.plist */ = {isa = PBXFileReference; lastKnownFileType = text.plist.xml; path = Info.plist; sourceTree = "<group>"; };
		84D90CCA2AA10A5D001E9AE3 /* UnsplashClientTests.xctest */ = {isa = PBXFileReference; explicitFileType = wrapper.cfbundle; includeInIndex = 0; path = UnsplashClientTests.xctest; sourceTree = BUILT_PRODUCTS_DIR; };
		84D90CCE2AA10A5D001E9AE3 /* UnsplashClientTests.swift */ = {isa = PBXFileReference; lastKnownFileType = sourcecode.swift; path = UnsplashClientTests.swift; sourceTree = "<group>"; };
		84D90CD42AA10A5D001E9AE3 /* UnsplashClientUITests.xctest */ = {isa = PBXFileReference; explicitFileType = wrapper.cfbundle; includeInIndex = 0; path = UnsplashClientUITests.xctest; sourceTree = BUILT_PRODUCTS_DIR; };
		84D90CD82AA10A5D001E9AE3 /* UnsplashClientUITests.swift */ = {isa = PBXFileReference; lastKnownFileType = sourcecode.swift; path = UnsplashClientUITests.swift; sourceTree = "<group>"; };
		84D90CDA2AA10A5D001E9AE3 /* UnsplashClientUITestsLaunchTests.swift */ = {isa = PBXFileReference; lastKnownFileType = sourcecode.swift; path = UnsplashClientUITestsLaunchTests.swift; sourceTree = "<group>"; };
		84D90CE92AA1FA20001E9AE3 /* IntroViewController.swift */ = {isa = PBXFileReference; lastKnownFileType = sourcecode.swift; path = IntroViewController.swift; sourceTree = "<group>"; };
		84D90CEB2AA1FA60001E9AE3 /* IntroProtocols.swift */ = {isa = PBXFileReference; lastKnownFileType = sourcecode.swift; path = IntroProtocols.swift; sourceTree = "<group>"; };
		84D90CED2AA1FA70001E9AE3 /* IntroRouter.swift */ = {isa = PBXFileReference; lastKnownFileType = sourcecode.swift; path = IntroRouter.swift; sourceTree = "<group>"; };
		84D90CEF2AA1FA86001E9AE3 /* IntroPresenter.swift */ = {isa = PBXFileReference; lastKnownFileType = sourcecode.swift; path = IntroPresenter.swift; sourceTree = "<group>"; };
		84D90CF12AA1FA9A001E9AE3 /* IntroInteractor.swift */ = {isa = PBXFileReference; lastKnownFileType = sourcecode.swift; path = IntroInteractor.swift; sourceTree = "<group>"; };
		84D90CF32AA1FAAC001E9AE3 /* IntroConfigurator.swift */ = {isa = PBXFileReference; lastKnownFileType = sourcecode.swift; path = IntroConfigurator.swift; sourceTree = "<group>"; };
/* End PBXFileReference section */

/* Begin PBXFrameworksBuildPhase section */
		84D90CB12AA10A5D001E9AE3 /* Frameworks */ = {
			isa = PBXFrameworksBuildPhase;
			buildActionMask = 2147483647;
			files = (
				845A864C2AA21C4700E97933 /* RswiftLibrary in Frameworks */,
			);
			runOnlyForDeploymentPostprocessing = 0;
		};
		84D90CC72AA10A5D001E9AE3 /* Frameworks */ = {
			isa = PBXFrameworksBuildPhase;
			buildActionMask = 2147483647;
			files = (
			);
			runOnlyForDeploymentPostprocessing = 0;
		};
		84D90CD12AA10A5D001E9AE3 /* Frameworks */ = {
			isa = PBXFrameworksBuildPhase;
			buildActionMask = 2147483647;
			files = (
			);
			runOnlyForDeploymentPostprocessing = 0;
		};
/* End PBXFrameworksBuildPhase section */

/* Begin PBXGroup section */
		845A864F2AA21EAC00E97933 /* Views */ = {
			isa = PBXGroup;
			children = (
				845A86502AA21EDB00E97933 /* BackgroundImageView.swift */,
				845A86522AA2305F00E97933 /* HeaderLable.swift */,
				845A865E2AA4F3BB00E97933 /* SubHeaderLable.swift */,
			);
			path = Views;
			sourceTree = "<group>";
		};
		845A86542AA23BD600E97933 /* fonts */ = {
			isa = PBXGroup;
			children = (
				845A86572AA23C3E00E97933 /* Inter-VariableFont_slnt,wght.ttf */,
			);
			path = fonts;
			sourceTree = "<group>";
		};
		845A865B2AA2413F00E97933 /* Extetions */ = {
			isa = PBXGroup;
			children = (
				845A865C2AA2415500E97933 /* UILable + ext.swift */,
				845A86762AAF5A2400E97933 /* UIViewController + ext.swift */,
				84A1D36C2AD4498F00A66327 /* UIImage + ext.swift */,
				84D2FFCC2AE936AC00516873 /* UIView + ext.swift */,
				84D2FFDB2AEC13A000516873 /* UIColor + ext.swift */,
				84D2001A2AFA870400516873 /* UIImageView + ext.swift */,
				84D2001C2AFCE99900516873 /* UIWindow + ext.swift */,
			);
			path = Extetions;
			sourceTree = "<group>";
		};
		845A86602AA4FB7F00E97933 /* Views */ = {
			isa = PBXGroup;
			children = (
				84D2FFC12AE7BFB700516873 /* Transition */,
				845A86612AA4FBA300E97933 /* GenericActionButton.swift */,
				8470ABDE2AE6BEE700E09183 /* InfoView.swift */,
				84D200102AF39E2100516873 /* SpinnerViewController.swift */,
			);
			path = Views;
			sourceTree = "<group>";
		};
		845A86632AA5EE1500E97933 /* Explore */ = {
			isa = PBXGroup;
			children = (
				845A86832AB88B8300E97933 /* Views */,
				845A86642AA5EE3300E97933 /* ExploreViewController.swift */,
				845A866E2AA9D4D900E97933 /* ExploreProtocols.swift */,
				845A86702AAA110800E97933 /* ExploreConfigurator.swift */,
				845A86722AAA139100E97933 /* ExplorePresenter.swift */,
				845A867F2AB4AE8200E97933 /* ExploreRouter.swift */,
				845A86812AB4AEA900E97933 /* ExploreInteractor.swift */,
			);
			path = Explore;
			sourceTree = "<group>";
		};
		845A86662AA5F9E600E97933 /* Services */ = {
			isa = PBXGroup;
			children = (
				845A86692AA62F5600E97933 /* Networking */,
				845A86672AA5F9FF00E97933 /* KeyChainManager.swift */,
				845A86742AAF587600E97933 /* AppAssembly.swift */,
			);
			path = Services;
			sourceTree = "<group>";
		};
		845A86692AA62F5600E97933 /* Networking */ = {
			isa = PBXGroup;
			children = (
				845A866A2AA62F6800E97933 /* Constants.swift */,
				845A866C2AA6302F00E97933 /* AuthenticationSession.swift */,
				84D200142AFA4C1400516873 /* UnsplashDomain.swift */,
				845A86782AAF846D00E97933 /* Networking.swift */,
				84D200162AFA578E00516873 /* Errors.swift */,
			);
			path = Networking;
			sourceTree = "<group>";
		};
		845A867A2AB4518100E97933 /* Models */ = {
			isa = PBXGroup;
			children = (
				845A867B2AB4518700E97933 /* APIModels */,
				84A1D3642ACD9B4F00A66327 /* APPModels.swift */,
			);
			path = Models;
			sourceTree = "<group>";
		};
		845A867B2AB4518700E97933 /* APIModels */ = {
			isa = PBXGroup;
			children = (
				845A867C2AB4519700E97933 /* UnsplashModels.swift */,
			);
			path = APIModels;
			sourceTree = "<group>";
		};
		845A86832AB88B8300E97933 /* Views */ = {
			isa = PBXGroup;
			children = (
				84A1D3662ACF0D9100A66327 /* CarouselCell.swift */,
				84A1D3682ACF0E5D00A66327 /* CollectionCell.swift */,
				84A1D36A2AD4368900A66327 /* NewTableCell.swift */,
			);
			path = Views;
			sourceTree = "<group>";
		};
		84868D702AA209BB001F5C9D /* Frameworks */ = {
			isa = PBXGroup;
			children = (
			);
			name = Frameworks;
			sourceTree = "<group>";
		};
		84D2FFC12AE7BFB700516873 /* Transition */ = {
			isa = PBXGroup;
			children = (
				84D2FFC22AE7C1EF00516873 /* BSTransitioningDelegate.swift */,
				84D2FFC42AE7C2F900516873 /* BSPresentationController.swift */,
				84D2FFCA2AE92DAB00516873 /* BSTransition.swift */,
			);
			path = Transition;
			sourceTree = "<group>";
		};
		84D2FFCE2AEC012E00516873 /* Exif */ = {
			isa = PBXGroup;
			children = (
				84D2FFCF2AEC01B100516873 /* ExifConfigurator.swift */,
				84D2FFD12AEC01C300516873 /* ExifProtocols.swift */,
				84D2FFD32AEC039B00516873 /* ExifPresenter.swift */,
				84D2FFD52AEC04A700516873 /* ExifRouter.swift */,
				84D2FFD72AEC053500516873 /* ExifViewController.swift */,
				84D2FFD92AEC059400516873 /* ExifInteractor.swift */,
			);
			path = Exif;
			sourceTree = "<group>";
		};
		84D90CAB2AA10A5D001E9AE3 = {
			isa = PBXGroup;
			children = (
				845A86592AA23EBE00E97933 /* .gitignore */,
				84D90CB62AA10A5D001E9AE3 /* UnsplashClient */,
				84D90CCD2AA10A5D001E9AE3 /* UnsplashClientTests */,
				84D90CD72AA10A5D001E9AE3 /* UnsplashClientUITests */,
				84D90CB52AA10A5D001E9AE3 /* Products */,
				84868D702AA209BB001F5C9D /* Frameworks */,
			);
			sourceTree = "<group>";
		};
		84D90CB52AA10A5D001E9AE3 /* Products */ = {
			isa = PBXGroup;
			children = (
				84D90CB42AA10A5D001E9AE3 /* UnsplashClient.app */,
				84D90CCA2AA10A5D001E9AE3 /* UnsplashClientTests.xctest */,
				84D90CD42AA10A5D001E9AE3 /* UnsplashClientUITests.xctest */,
			);
			name = Products;
			sourceTree = "<group>";
		};
		84D90CB62AA10A5D001E9AE3 /* UnsplashClient */ = {
			isa = PBXGroup;
			children = (
				845A867A2AB4518100E97933 /* Models */,
				845A86662AA5F9E600E97933 /* Services */,
				845A86602AA4FB7F00E97933 /* Views */,
				845A865B2AA2413F00E97933 /* Extetions */,
				845A86542AA23BD600E97933 /* fonts */,
				84D90CE72AA1F888001E9AE3 /* Modules */,
				84D90CB72AA10A5D001E9AE3 /* AppDelegate.swift */,
				84D90CB92AA10A5D001E9AE3 /* SceneDelegate.swift */,
				84D90CC02AA10A5D001E9AE3 /* Assets.xcassets */,
				84D90CC52AA10A5D001E9AE3 /* Info.plist */,
			);
			path = UnsplashClient;
			sourceTree = "<group>";
		};
		84D90CCD2AA10A5D001E9AE3 /* UnsplashClientTests */ = {
			isa = PBXGroup;
			children = (
				84D90CCE2AA10A5D001E9AE3 /* UnsplashClientTests.swift */,
			);
			path = UnsplashClientTests;
			sourceTree = "<group>";
		};
		84D90CD72AA10A5D001E9AE3 /* UnsplashClientUITests */ = {
			isa = PBXGroup;
			children = (
				84D90CD82AA10A5D001E9AE3 /* UnsplashClientUITests.swift */,
				84D90CDA2AA10A5D001E9AE3 /* UnsplashClientUITestsLaunchTests.swift */,
			);
			path = UnsplashClientUITests;
			sourceTree = "<group>";
		};
		84D90CE72AA1F888001E9AE3 /* Modules */ = {
			isa = PBXGroup;
			children = (
				84D2FFCE2AEC012E00516873 /* Exif */,
				845A86632AA5EE1500E97933 /* Explore */,
				84D90CE82AA1F8A9001E9AE3 /* Intro */,
				84D200182AFA5B9200516873 /* AppRouter.swift */,
			);
			path = Modules;
			sourceTree = "<group>";
		};
		84D90CE82AA1F8A9001E9AE3 /* Intro */ = {
			isa = PBXGroup;
			children = (
				845A864F2AA21EAC00E97933 /* Views */,
				84D90CE92AA1FA20001E9AE3 /* IntroViewController.swift */,
				84D90CEB2AA1FA60001E9AE3 /* IntroProtocols.swift */,
				84D90CED2AA1FA70001E9AE3 /* IntroRouter.swift */,
				84D90CEF2AA1FA86001E9AE3 /* IntroPresenter.swift */,
				84D90CF12AA1FA9A001E9AE3 /* IntroInteractor.swift */,
				84D90CF32AA1FAAC001E9AE3 /* IntroConfigurator.swift */,
			);
			path = Intro;
			sourceTree = "<group>";
		};
/* End PBXGroup section */

/* Begin PBXNativeTarget section */
		84D90CB32AA10A5D001E9AE3 /* UnsplashClient */ = {
			isa = PBXNativeTarget;
			buildConfigurationList = 84D90CDE2AA10A5D001E9AE3 /* Build configuration list for PBXNativeTarget "UnsplashClient" */;
			buildPhases = (
				84D90CB02AA10A5D001E9AE3 /* Sources */,
				84D90CB12AA10A5D001E9AE3 /* Frameworks */,
				84D90CB22AA10A5D001E9AE3 /* Resources */,
			);
			buildRules = (
			);
			dependencies = (
				845A864E2AA21C4F00E97933 /* PBXTargetDependency */,
			);
			name = UnsplashClient;
			packageProductDependencies = (
				845A864B2AA21C4700E97933 /* RswiftLibrary */,
			);
			productName = UnsplashClient;
			productReference = 84D90CB42AA10A5D001E9AE3 /* UnsplashClient.app */;
			productType = "com.apple.product-type.application";
		};
		84D90CC92AA10A5D001E9AE3 /* UnsplashClientTests */ = {
			isa = PBXNativeTarget;
			buildConfigurationList = 84D90CE12AA10A5D001E9AE3 /* Build configuration list for PBXNativeTarget "UnsplashClientTests" */;
			buildPhases = (
				84D90CC62AA10A5D001E9AE3 /* Sources */,
				84D90CC72AA10A5D001E9AE3 /* Frameworks */,
				84D90CC82AA10A5D001E9AE3 /* Resources */,
			);
			buildRules = (
			);
			dependencies = (
				84D90CCC2AA10A5D001E9AE3 /* PBXTargetDependency */,
			);
			name = UnsplashClientTests;
			productName = UnsplashClientTests;
			productReference = 84D90CCA2AA10A5D001E9AE3 /* UnsplashClientTests.xctest */;
			productType = "com.apple.product-type.bundle.unit-test";
		};
		84D90CD32AA10A5D001E9AE3 /* UnsplashClientUITests */ = {
			isa = PBXNativeTarget;
			buildConfigurationList = 84D90CE42AA10A5D001E9AE3 /* Build configuration list for PBXNativeTarget "UnsplashClientUITests" */;
			buildPhases = (
				84D90CD02AA10A5D001E9AE3 /* Sources */,
				84D90CD12AA10A5D001E9AE3 /* Frameworks */,
				84D90CD22AA10A5D001E9AE3 /* Resources */,
			);
			buildRules = (
			);
			dependencies = (
				84D90CD62AA10A5D001E9AE3 /* PBXTargetDependency */,
			);
			name = UnsplashClientUITests;
			productName = UnsplashClientUITests;
			productReference = 84D90CD42AA10A5D001E9AE3 /* UnsplashClientUITests.xctest */;
			productType = "com.apple.product-type.bundle.ui-testing";
		};
/* End PBXNativeTarget section */

/* Begin PBXProject section */
		84D90CAC2AA10A5D001E9AE3 /* Project object */ = {
			isa = PBXProject;
			attributes = {
				BuildIndependentTargetsInParallel = 1;
				LastSwiftUpdateCheck = 1430;
				LastUpgradeCheck = 1430;
				TargetAttributes = {
					84D90CB32AA10A5D001E9AE3 = {
						CreatedOnToolsVersion = 14.3;
					};
					84D90CC92AA10A5D001E9AE3 = {
						CreatedOnToolsVersion = 14.3;
						TestTargetID = 84D90CB32AA10A5D001E9AE3;
					};
					84D90CD32AA10A5D001E9AE3 = {
						CreatedOnToolsVersion = 14.3;
						TestTargetID = 84D90CB32AA10A5D001E9AE3;
					};
				};
			};
			buildConfigurationList = 84D90CAF2AA10A5D001E9AE3 /* Build configuration list for PBXProject "UnsplashClient" */;
			compatibilityVersion = "Xcode 14.0";
			developmentRegion = en;
			hasScannedForEncodings = 0;
			knownRegions = (
				en,
				Base,
			);
			mainGroup = 84D90CAB2AA10A5D001E9AE3;
			packageReferences = (
				845A864A2AA21C4700E97933 /* XCRemoteSwiftPackageReference "R" */,
			);
			productRefGroup = 84D90CB52AA10A5D001E9AE3 /* Products */;
			projectDirPath = "";
			projectRoot = "";
			targets = (
				84D90CB32AA10A5D001E9AE3 /* UnsplashClient */,
				84D90CC92AA10A5D001E9AE3 /* UnsplashClientTests */,
				84D90CD32AA10A5D001E9AE3 /* UnsplashClientUITests */,
			);
		};
/* End PBXProject section */

/* Begin PBXResourcesBuildPhase section */
		84D90CB22AA10A5D001E9AE3 /* Resources */ = {
			isa = PBXResourcesBuildPhase;
			buildActionMask = 2147483647;
			files = (
				845A86582AA23C3E00E97933 /* Inter-VariableFont_slnt,wght.ttf in Resources */,
				845A865A2AA23EBE00E97933 /* .gitignore in Resources */,
				84D90CC12AA10A5D001E9AE3 /* Assets.xcassets in Resources */,
			);
			runOnlyForDeploymentPostprocessing = 0;
		};
		84D90CC82AA10A5D001E9AE3 /* Resources */ = {
			isa = PBXResourcesBuildPhase;
			buildActionMask = 2147483647;
			files = (
			);
			runOnlyForDeploymentPostprocessing = 0;
		};
		84D90CD22AA10A5D001E9AE3 /* Resources */ = {
			isa = PBXResourcesBuildPhase;
			buildActionMask = 2147483647;
			files = (
			);
			runOnlyForDeploymentPostprocessing = 0;
		};
/* End PBXResourcesBuildPhase section */

/* Begin PBXSourcesBuildPhase section */
		84D90CB02AA10A5D001E9AE3 /* Sources */ = {
			isa = PBXSourcesBuildPhase;
			buildActionMask = 2147483647;
			files = (
				84D200112AF39E2100516873 /* SpinnerViewController.swift in Sources */,
				845A86622AA4FBA300E97933 /* GenericActionButton.swift in Sources */,
				845A867D2AB4519700E97933 /* UnsplashModels.swift in Sources */,
				84D90CEC2AA1FA60001E9AE3 /* IntroProtocols.swift in Sources */,
				845A86772AAF5A2400E97933 /* UIViewController + ext.swift in Sources */,
				84D2001D2AFCE99900516873 /* UIWindow + ext.swift in Sources */,
				84D2FFC52AE7C2F900516873 /* BSPresentationController.swift in Sources */,
				845A866D2AA6303000E97933 /* AuthenticationSession.swift in Sources */,
				845A86532AA2305F00E97933 /* HeaderLable.swift in Sources */,
				84D2FFCB2AE92DAB00516873 /* BSTransition.swift in Sources */,
				84D2FFCD2AE936AC00516873 /* UIView + ext.swift in Sources */,
				84D90CF42AA1FAAC001E9AE3 /* IntroConfigurator.swift in Sources */,
				845A866F2AA9D4D900E97933 /* ExploreProtocols.swift in Sources */,
				84D2FFD22AEC01C300516873 /* ExifProtocols.swift in Sources */,
				845A86822AB4AEA900E97933 /* ExploreInteractor.swift in Sources */,
				845A86792AAF846D00E97933 /* Networking.swift in Sources */,
				84D2FFDC2AEC13A000516873 /* UIColor + ext.swift in Sources */,
				84A1D3692ACF0E5D00A66327 /* CollectionCell.swift in Sources */,
				84D90CEA2AA1FA20001E9AE3 /* IntroViewController.swift in Sources */,
				84D200172AFA578E00516873 /* Errors.swift in Sources */,
				84A1D3672ACF0D9100A66327 /* CarouselCell.swift in Sources */,
				84D2FFD82AEC053500516873 /* ExifViewController.swift in Sources */,
				845A86512AA21EDB00E97933 /* BackgroundImageView.swift in Sources */,
				845A86802AB4AE8200E97933 /* ExploreRouter.swift in Sources */,
				84D90CB82AA10A5D001E9AE3 /* AppDelegate.swift in Sources */,
				84D200152AFA4C1400516873 /* UnsplashDomain.swift in Sources */,
				84D2FFC32AE7C1EF00516873 /* BSTransitioningDelegate.swift in Sources */,
				84D2001B2AFA870400516873 /* UIImageView + ext.swift in Sources */,
				84D2FFDA2AEC059400516873 /* ExifInteractor.swift in Sources */,
				8470ABDF2AE6BEE700E09183 /* InfoView.swift in Sources */,
				84D2FFD42AEC039B00516873 /* ExifPresenter.swift in Sources */,
				845A866B2AA62F6800E97933 /* Constants.swift in Sources */,
				84D2FFD62AEC04A700516873 /* ExifRouter.swift in Sources */,
				845A86682AA5F9FF00E97933 /* KeyChainManager.swift in Sources */,
				845A865F2AA4F3BB00E97933 /* SubHeaderLable.swift in Sources */,
				84A1D36B2AD4368900A66327 /* NewTableCell.swift in Sources */,
				845A86752AAF587600E97933 /* AppAssembly.swift in Sources */,
				845A865D2AA2415500E97933 /* UILable + ext.swift in Sources */,
				84A1D3652ACD9B4F00A66327 /* APPModels.swift in Sources */,
				845A86712AAA110800E97933 /* ExploreConfigurator.swift in Sources */,
				84D90CF02AA1FA86001E9AE3 /* IntroPresenter.swift in Sources */,
				84D90CEE2AA1FA70001E9AE3 /* IntroRouter.swift in Sources */,
				84A1D36D2AD4498F00A66327 /* UIImage + ext.swift in Sources */,
				845A86732AAA139100E97933 /* ExplorePresenter.swift in Sources */,
				84D90CBA2AA10A5D001E9AE3 /* SceneDelegate.swift in Sources */,
				84D200192AFA5B9200516873 /* AppRouter.swift in Sources */,
				845A86652AA5EE3300E97933 /* ExploreViewController.swift in Sources */,
				84D2FFD02AEC01B100516873 /* ExifConfigurator.swift in Sources */,
				84D90CF22AA1FA9A001E9AE3 /* IntroInteractor.swift in Sources */,
			);
			runOnlyForDeploymentPostprocessing = 0;
		};
		84D90CC62AA10A5D001E9AE3 /* Sources */ = {
			isa = PBXSourcesBuildPhase;
			buildActionMask = 2147483647;
			files = (
				84D90CCF2AA10A5D001E9AE3 /* UnsplashClientTests.swift in Sources */,
			);
			runOnlyForDeploymentPostprocessing = 0;
		};
		84D90CD02AA10A5D001E9AE3 /* Sources */ = {
			isa = PBXSourcesBuildPhase;
			buildActionMask = 2147483647;
			files = (
				84D90CD92AA10A5D001E9AE3 /* UnsplashClientUITests.swift in Sources */,
				84D90CDB2AA10A5D001E9AE3 /* UnsplashClientUITestsLaunchTests.swift in Sources */,
			);
			runOnlyForDeploymentPostprocessing = 0;
		};
/* End PBXSourcesBuildPhase section */

/* Begin PBXTargetDependency section */
		845A864E2AA21C4F00E97933 /* PBXTargetDependency */ = {
			isa = PBXTargetDependency;
			productRef = 845A864D2AA21C4F00E97933 /* RswiftGenerateInternalResources */;
		};
		84D90CCC2AA10A5D001E9AE3 /* PBXTargetDependency */ = {
			isa = PBXTargetDependency;
			target = 84D90CB32AA10A5D001E9AE3 /* UnsplashClient */;
			targetProxy = 84D90CCB2AA10A5D001E9AE3 /* PBXContainerItemProxy */;
		};
		84D90CD62AA10A5D001E9AE3 /* PBXTargetDependency */ = {
			isa = PBXTargetDependency;
			target = 84D90CB32AA10A5D001E9AE3 /* UnsplashClient */;
			targetProxy = 84D90CD52AA10A5D001E9AE3 /* PBXContainerItemProxy */;
		};
/* End PBXTargetDependency section */

/* Begin XCBuildConfiguration section */
		84D90CDC2AA10A5D001E9AE3 /* Debug */ = {
			isa = XCBuildConfiguration;
			buildSettings = {
				ALWAYS_SEARCH_USER_PATHS = NO;
				CLANG_ANALYZER_NONNULL = YES;
				CLANG_ANALYZER_NUMBER_OBJECT_CONVERSION = YES_AGGRESSIVE;
				CLANG_CXX_LANGUAGE_STANDARD = "gnu++20";
				CLANG_ENABLE_MODULES = YES;
				CLANG_ENABLE_OBJC_ARC = YES;
				CLANG_ENABLE_OBJC_WEAK = YES;
				CLANG_WARN_BLOCK_CAPTURE_AUTORELEASING = YES;
				CLANG_WARN_BOOL_CONVERSION = YES;
				CLANG_WARN_COMMA = YES;
				CLANG_WARN_CONSTANT_CONVERSION = YES;
				CLANG_WARN_DEPRECATED_OBJC_IMPLEMENTATIONS = YES;
				CLANG_WARN_DIRECT_OBJC_ISA_USAGE = YES_ERROR;
				CLANG_WARN_DOCUMENTATION_COMMENTS = YES;
				CLANG_WARN_EMPTY_BODY = YES;
				CLANG_WARN_ENUM_CONVERSION = YES;
				CLANG_WARN_INFINITE_RECURSION = YES;
				CLANG_WARN_INT_CONVERSION = YES;
				CLANG_WARN_NON_LITERAL_NULL_CONVERSION = YES;
				CLANG_WARN_OBJC_IMPLICIT_RETAIN_SELF = YES;
				CLANG_WARN_OBJC_LITERAL_CONVERSION = YES;
				CLANG_WARN_OBJC_ROOT_CLASS = YES_ERROR;
				CLANG_WARN_QUOTED_INCLUDE_IN_FRAMEWORK_HEADER = YES;
				CLANG_WARN_RANGE_LOOP_ANALYSIS = YES;
				CLANG_WARN_STRICT_PROTOTYPES = YES;
				CLANG_WARN_SUSPICIOUS_MOVE = YES;
				CLANG_WARN_UNGUARDED_AVAILABILITY = YES_AGGRESSIVE;
				CLANG_WARN_UNREACHABLE_CODE = YES;
				CLANG_WARN__DUPLICATE_METHOD_MATCH = YES;
				COPY_PHASE_STRIP = NO;
				DEBUG_INFORMATION_FORMAT = dwarf;
				ENABLE_STRICT_OBJC_MSGSEND = YES;
				ENABLE_TESTABILITY = YES;
				GCC_C_LANGUAGE_STANDARD = gnu11;
				GCC_DYNAMIC_NO_PIC = NO;
				GCC_NO_COMMON_BLOCKS = YES;
				GCC_OPTIMIZATION_LEVEL = 0;
				GCC_PREPROCESSOR_DEFINITIONS = (
					"DEBUG=1",
					"$(inherited)",
				);
				GCC_WARN_64_TO_32_BIT_CONVERSION = YES;
				GCC_WARN_ABOUT_RETURN_TYPE = YES_ERROR;
				GCC_WARN_UNDECLARED_SELECTOR = YES;
				GCC_WARN_UNINITIALIZED_AUTOS = YES_AGGRESSIVE;
				GCC_WARN_UNUSED_FUNCTION = YES;
				GCC_WARN_UNUSED_VARIABLE = YES;
				IPHONEOS_DEPLOYMENT_TARGET = 16.4;
				MTL_ENABLE_DEBUG_INFO = INCLUDE_SOURCE;
				MTL_FAST_MATH = YES;
				ONLY_ACTIVE_ARCH = YES;
				SDKROOT = iphoneos;
				SWIFT_ACTIVE_COMPILATION_CONDITIONS = DEBUG;
				SWIFT_OPTIMIZATION_LEVEL = "-Onone";
			};
			name = Debug;
		};
		84D90CDD2AA10A5D001E9AE3 /* Release */ = {
			isa = XCBuildConfiguration;
			buildSettings = {
				ALWAYS_SEARCH_USER_PATHS = NO;
				CLANG_ANALYZER_NONNULL = YES;
				CLANG_ANALYZER_NUMBER_OBJECT_CONVERSION = YES_AGGRESSIVE;
				CLANG_CXX_LANGUAGE_STANDARD = "gnu++20";
				CLANG_ENABLE_MODULES = YES;
				CLANG_ENABLE_OBJC_ARC = YES;
				CLANG_ENABLE_OBJC_WEAK = YES;
				CLANG_WARN_BLOCK_CAPTURE_AUTORELEASING = YES;
				CLANG_WARN_BOOL_CONVERSION = YES;
				CLANG_WARN_COMMA = YES;
				CLANG_WARN_CONSTANT_CONVERSION = YES;
				CLANG_WARN_DEPRECATED_OBJC_IMPLEMENTATIONS = YES;
				CLANG_WARN_DIRECT_OBJC_ISA_USAGE = YES_ERROR;
				CLANG_WARN_DOCUMENTATION_COMMENTS = YES;
				CLANG_WARN_EMPTY_BODY = YES;
				CLANG_WARN_ENUM_CONVERSION = YES;
				CLANG_WARN_INFINITE_RECURSION = YES;
				CLANG_WARN_INT_CONVERSION = YES;
				CLANG_WARN_NON_LITERAL_NULL_CONVERSION = YES;
				CLANG_WARN_OBJC_IMPLICIT_RETAIN_SELF = YES;
				CLANG_WARN_OBJC_LITERAL_CONVERSION = YES;
				CLANG_WARN_OBJC_ROOT_CLASS = YES_ERROR;
				CLANG_WARN_QUOTED_INCLUDE_IN_FRAMEWORK_HEADER = YES;
				CLANG_WARN_RANGE_LOOP_ANALYSIS = YES;
				CLANG_WARN_STRICT_PROTOTYPES = YES;
				CLANG_WARN_SUSPICIOUS_MOVE = YES;
				CLANG_WARN_UNGUARDED_AVAILABILITY = YES_AGGRESSIVE;
				CLANG_WARN_UNREACHABLE_CODE = YES;
				CLANG_WARN__DUPLICATE_METHOD_MATCH = YES;
				COPY_PHASE_STRIP = NO;
				DEBUG_INFORMATION_FORMAT = "dwarf-with-dsym";
				ENABLE_NS_ASSERTIONS = NO;
				ENABLE_STRICT_OBJC_MSGSEND = YES;
				GCC_C_LANGUAGE_STANDARD = gnu11;
				GCC_NO_COMMON_BLOCKS = YES;
				GCC_WARN_64_TO_32_BIT_CONVERSION = YES;
				GCC_WARN_ABOUT_RETURN_TYPE = YES_ERROR;
				GCC_WARN_UNDECLARED_SELECTOR = YES;
				GCC_WARN_UNINITIALIZED_AUTOS = YES_AGGRESSIVE;
				GCC_WARN_UNUSED_FUNCTION = YES;
				GCC_WARN_UNUSED_VARIABLE = YES;
				IPHONEOS_DEPLOYMENT_TARGET = 16.4;
				MTL_ENABLE_DEBUG_INFO = NO;
				MTL_FAST_MATH = YES;
				SDKROOT = iphoneos;
				SWIFT_COMPILATION_MODE = wholemodule;
				SWIFT_OPTIMIZATION_LEVEL = "-O";
				VALIDATE_PRODUCT = YES;
			};
			name = Release;
		};
		84D90CDF2AA10A5D001E9AE3 /* Debug */ = {
			isa = XCBuildConfiguration;
			buildSettings = {
				ASSETCATALOG_COMPILER_APPICON_NAME = AppIcon;
				ASSETCATALOG_COMPILER_GLOBAL_ACCENT_COLOR_NAME = AccentColor;
				CODE_SIGN_STYLE = Automatic;
				CURRENT_PROJECT_VERSION = 1;
				DEVELOPMENT_TEAM = S6Y7U4524Z;
				GENERATE_INFOPLIST_FILE = YES;
				INFOPLIST_FILE = UnsplashClient/Info.plist;
				INFOPLIST_KEY_UIApplicationSupportsIndirectInputEvents = YES;
				INFOPLIST_KEY_UILaunchStoryboardName = LaunchScreen;
				INFOPLIST_KEY_UISupportedInterfaceOrientations_iPad = "UIInterfaceOrientationPortrait UIInterfaceOrientationPortraitUpsideDown UIInterfaceOrientationLandscapeLeft UIInterfaceOrientationLandscapeRight";
				INFOPLIST_KEY_UISupportedInterfaceOrientations_iPhone = "UIInterfaceOrientationPortrait UIInterfaceOrientationLandscapeLeft UIInterfaceOrientationLandscapeRight";
				IPHONEOS_DEPLOYMENT_TARGET = 16;
				LD_RUNPATH_SEARCH_PATHS = (
					"$(inherited)",
					"@executable_path/Frameworks",
				);
				MARKETING_VERSION = 1.0;
				PRODUCT_BUNDLE_IDENTIFIER = "-2.UnsplashClient";
				PRODUCT_NAME = "$(TARGET_NAME)";
				SWIFT_EMIT_LOC_STRINGS = YES;
				SWIFT_VERSION = 5.0;
				TARGETED_DEVICE_FAMILY = "1,2";
			};
			name = Debug;
		};
		84D90CE02AA10A5D001E9AE3 /* Release */ = {
			isa = XCBuildConfiguration;
			buildSettings = {
				ASSETCATALOG_COMPILER_APPICON_NAME = AppIcon;
				ASSETCATALOG_COMPILER_GLOBAL_ACCENT_COLOR_NAME = AccentColor;
				CODE_SIGN_STYLE = Automatic;
				CURRENT_PROJECT_VERSION = 1;
				DEVELOPMENT_TEAM = S6Y7U4524Z;
				GENERATE_INFOPLIST_FILE = YES;
				INFOPLIST_FILE = UnsplashClient/Info.plist;
				INFOPLIST_KEY_UIApplicationSupportsIndirectInputEvents = YES;
				INFOPLIST_KEY_UILaunchStoryboardName = LaunchScreen;
				INFOPLIST_KEY_UISupportedInterfaceOrientations_iPad = "UIInterfaceOrientationPortrait UIInterfaceOrientationPortraitUpsideDown UIInterfaceOrientationLandscapeLeft UIInterfaceOrientationLandscapeRight";
				INFOPLIST_KEY_UISupportedInterfaceOrientations_iPhone = "UIInterfaceOrientationPortrait UIInterfaceOrientationLandscapeLeft UIInterfaceOrientationLandscapeRight";
				IPHONEOS_DEPLOYMENT_TARGET = 16;
				LD_RUNPATH_SEARCH_PATHS = (
					"$(inherited)",
					"@executable_path/Frameworks",
				);
				MARKETING_VERSION = 1.0;
				PRODUCT_BUNDLE_IDENTIFIER = "-2.UnsplashClient";
				PRODUCT_NAME = "$(TARGET_NAME)";
				SWIFT_EMIT_LOC_STRINGS = YES;
				SWIFT_VERSION = 5.0;
				TARGETED_DEVICE_FAMILY = "1,2";
			};
			name = Release;
		};
		84D90CE22AA10A5D001E9AE3 /* Debug */ = {
			isa = XCBuildConfiguration;
			buildSettings = {
				ALWAYS_EMBED_SWIFT_STANDARD_LIBRARIES = YES;
				BUNDLE_LOADER = "$(TEST_HOST)";
				CODE_SIGN_STYLE = Automatic;
				CURRENT_PROJECT_VERSION = 1;
				DEVELOPMENT_TEAM = S6Y7U4524Z;
				GENERATE_INFOPLIST_FILE = YES;
				IPHONEOS_DEPLOYMENT_TARGET = 16.4;
				MARKETING_VERSION = 1.0;
				PRODUCT_BUNDLE_IDENTIFIER = "-2.UnsplashClientTests";
				PRODUCT_NAME = "$(TARGET_NAME)";
				SWIFT_EMIT_LOC_STRINGS = NO;
				SWIFT_VERSION = 5.0;
				TARGETED_DEVICE_FAMILY = "1,2";
				TEST_HOST = "$(BUILT_PRODUCTS_DIR)/UnsplashClient.app/$(BUNDLE_EXECUTABLE_FOLDER_PATH)/UnsplashClient";
			};
			name = Debug;
		};
		84D90CE32AA10A5D001E9AE3 /* Release */ = {
			isa = XCBuildConfiguration;
			buildSettings = {
				ALWAYS_EMBED_SWIFT_STANDARD_LIBRARIES = YES;
				BUNDLE_LOADER = "$(TEST_HOST)";
				CODE_SIGN_STYLE = Automatic;
				CURRENT_PROJECT_VERSION = 1;
				DEVELOPMENT_TEAM = S6Y7U4524Z;
				GENERATE_INFOPLIST_FILE = YES;
				IPHONEOS_DEPLOYMENT_TARGET = 16.4;
				MARKETING_VERSION = 1.0;
				PRODUCT_BUNDLE_IDENTIFIER = "-2.UnsplashClientTests";
				PRODUCT_NAME = "$(TARGET_NAME)";
				SWIFT_EMIT_LOC_STRINGS = NO;
				SWIFT_VERSION = 5.0;
				TARGETED_DEVICE_FAMILY = "1,2";
				TEST_HOST = "$(BUILT_PRODUCTS_DIR)/UnsplashClient.app/$(BUNDLE_EXECUTABLE_FOLDER_PATH)/UnsplashClient";
			};
			name = Release;
		};
		84D90CE52AA10A5D001E9AE3 /* Debug */ = {
			isa = XCBuildConfiguration;
			buildSettings = {
				ALWAYS_EMBED_SWIFT_STANDARD_LIBRARIES = YES;
				CODE_SIGN_STYLE = Automatic;
				CURRENT_PROJECT_VERSION = 1;
				DEVELOPMENT_TEAM = S6Y7U4524Z;
				GENERATE_INFOPLIST_FILE = YES;
				MARKETING_VERSION = 1.0;
				PRODUCT_BUNDLE_IDENTIFIER = "-2.UnsplashClientUITests";
				PRODUCT_NAME = "$(TARGET_NAME)";
				SWIFT_EMIT_LOC_STRINGS = NO;
				SWIFT_VERSION = 5.0;
				TARGETED_DEVICE_FAMILY = "1,2";
				TEST_TARGET_NAME = UnsplashClient;
			};
			name = Debug;
		};
		84D90CE62AA10A5D001E9AE3 /* Release */ = {
			isa = XCBuildConfiguration;
			buildSettings = {
				ALWAYS_EMBED_SWIFT_STANDARD_LIBRARIES = YES;
				CODE_SIGN_STYLE = Automatic;
				CURRENT_PROJECT_VERSION = 1;
				DEVELOPMENT_TEAM = S6Y7U4524Z;
				GENERATE_INFOPLIST_FILE = YES;
				MARKETING_VERSION = 1.0;
				PRODUCT_BUNDLE_IDENTIFIER = "-2.UnsplashClientUITests";
				PRODUCT_NAME = "$(TARGET_NAME)";
				SWIFT_EMIT_LOC_STRINGS = NO;
				SWIFT_VERSION = 5.0;
				TARGETED_DEVICE_FAMILY = "1,2";
				TEST_TARGET_NAME = UnsplashClient;
			};
			name = Release;
		};
/* End XCBuildConfiguration section */

/* Begin XCConfigurationList section */
		84D90CAF2AA10A5D001E9AE3 /* Build configuration list for PBXProject "UnsplashClient" */ = {
			isa = XCConfigurationList;
			buildConfigurations = (
				84D90CDC2AA10A5D001E9AE3 /* Debug */,
				84D90CDD2AA10A5D001E9AE3 /* Release */,
			);
			defaultConfigurationIsVisible = 0;
			defaultConfigurationName = Release;
		};
		84D90CDE2AA10A5D001E9AE3 /* Build configuration list for PBXNativeTarget "UnsplashClient" */ = {
			isa = XCConfigurationList;
			buildConfigurations = (
				84D90CDF2AA10A5D001E9AE3 /* Debug */,
				84D90CE02AA10A5D001E9AE3 /* Release */,
			);
			defaultConfigurationIsVisible = 0;
			defaultConfigurationName = Release;
		};
		84D90CE12AA10A5D001E9AE3 /* Build configuration list for PBXNativeTarget "UnsplashClientTests" */ = {
			isa = XCConfigurationList;
			buildConfigurations = (
				84D90CE22AA10A5D001E9AE3 /* Debug */,
				84D90CE32AA10A5D001E9AE3 /* Release */,
			);
			defaultConfigurationIsVisible = 0;
			defaultConfigurationName = Release;
		};
		84D90CE42AA10A5D001E9AE3 /* Build configuration list for PBXNativeTarget "UnsplashClientUITests" */ = {
			isa = XCConfigurationList;
			buildConfigurations = (
				84D90CE52AA10A5D001E9AE3 /* Debug */,
				84D90CE62AA10A5D001E9AE3 /* Release */,
			);
			defaultConfigurationIsVisible = 0;
			defaultConfigurationName = Release;
		};
/* End XCConfigurationList section */

/* Begin XCRemoteSwiftPackageReference section */
		845A864A2AA21C4700E97933 /* XCRemoteSwiftPackageReference "R" */ = {
			isa = XCRemoteSwiftPackageReference;
			repositoryURL = "https://github.com/mac-cain13/R.swift";
			requirement = {
				kind = exactVersion;
				version = 7.2.4;
			};
		};
/* End XCRemoteSwiftPackageReference section */

/* Begin XCSwiftPackageProductDependency section */
		845A864B2AA21C4700E97933 /* RswiftLibrary */ = {
			isa = XCSwiftPackageProductDependency;
			package = 845A864A2AA21C4700E97933 /* XCRemoteSwiftPackageReference "R" */;
			productName = RswiftLibrary;
		};
		845A864D2AA21C4F00E97933 /* RswiftGenerateInternalResources */ = {
			isa = XCSwiftPackageProductDependency;
			package = 845A864A2AA21C4700E97933 /* XCRemoteSwiftPackageReference "R" */;
			productName = "plugin:RswiftGenerateInternalResources";
		};
/* End XCSwiftPackageProductDependency section */
	};
	rootObject = 84D90CAC2AA10A5D001E9AE3 /* Project object */;
}
